
Microsoft Visual Studio Solution File, Format Version 12.00
# Visual Studio Version 16
VisualStudioVersion = 16.0.29209.62
MinimumVisualStudioVersion = 10.0.40219.1
Project("{FAE04EC0-301F-11D3-BF4B-00C04F79EFBC}") = "Practice Methods", "Practice Methods\Practice Methods.csproj", "{3255C9DB-2BC3-4387-8424-F0D837DDDAE4}"
EndProject
Global
	GlobalSection(SolutionConfigurationPlatforms) = preSolution
		Debug|Any CPU = Debug|Any CPU
		Release|Any CPU = Release|Any CPU
	EndGlobalSection
	GlobalSection(ProjectConfigurationPlatforms) = postSolution
		{3255C9DB-2BC3-4387-8424-F0D837DDDAE4}.Debug|Any CPU.ActiveCfg = Debug|Any CPU
		{3255C9DB-2BC3-4387-8424-F0D837DDDAE4}.Debug|Any CPU.Build.0 = Debug|Any CPU
		{3255C9DB-2BC3-4387-8424-F0D837DDDAE4}.Release|Any CPU.ActiveCfg = Release|Any CPU
		{3255C9DB-2BC3-4387-8424-F0D837DDDAE4}.Release|Any CPU.Build.0 = Release|Any CPU
	EndGlobalSection
	GlobalSection(SolutionProperties) = preSolution
		HideSolutionNode = FALSE
	EndGlobalSection
	GlobalSection(ExtensibilityGlobals) = postSolution
		SolutionGuid = {863D88BE-DCA4-419F-83A3-0C376686D734}
	EndGlobalSection
EndGlobal
